// !$*UTF8*$!
{
	archiveVersion = 1;
	classes = {
	};
	objectVersion = 48;
	objects = {

/* Begin PBXBuildFile section */
		5B281C49F180393BFA82D6B4 /* Pods_CodeSample.framework in Frameworks */ = {isa = PBXBuildFile; fileRef = ED036D4124216561D014A934 /* Pods_CodeSample.framework */; };
		6C9FBA1223F9CE69005A9C7B /* Configuration.swift in Sources */ = {isa = PBXBuildFile; fileRef = 6C9FBA1123F9CE69005A9C7B /* Configuration.swift */; };
		9C95EE278BD940D2613E9FD2 /* Pods_CodeSampleTests.framework in Frameworks */ = {isa = PBXBuildFile; fileRef = FDCB76BC08E8EDA036AF1545 /* Pods_CodeSampleTests.framework */; };
		AC1B153C20294E23007924F8 /* Endpoint.swift in Sources */ = {isa = PBXBuildFile; fileRef = AC1B153B20294E23007924F8 /* Endpoint.swift */; };
		AC5E8BA820264D1900C9ACA9 /* AppDelegate.swift in Sources */ = {isa = PBXBuildFile; fileRef = AC5E8BA720264D1900C9ACA9 /* AppDelegate.swift */; };
		AC5E8BAF20264D1900C9ACA9 /* Assets.xcassets in Resources */ = {isa = PBXBuildFile; fileRef = AC5E8BAE20264D1900C9ACA9 /* Assets.xcassets */; };
		AC5E8BB220264D1900C9ACA9 /* LaunchScreen.storyboard in Resources */ = {isa = PBXBuildFile; fileRef = AC5E8BB020264D1900C9ACA9 /* LaunchScreen.storyboard */; };
		AC5E8BCD2026713100C9ACA9 /* LocatorButton.swift in Sources */ = {isa = PBXBuildFile; fileRef = AC5E8BCC2026713100C9ACA9 /* LocatorButton.swift */; };
		AC5E8BD02026737D00C9ACA9 /* ViewBuilder.swift in Sources */ = {isa = PBXBuildFile; fileRef = AC5E8BCF2026737D00C9ACA9 /* ViewBuilder.swift */; };
		AC5E8BD320267D4E00C9ACA9 /* UIView+Convenience.swift in Sources */ = {isa = PBXBuildFile; fileRef = AC5E8BD220267D4E00C9ACA9 /* UIView+Convenience.swift */; };
		AC5E8BD62026810D00C9ACA9 /* UIApplication+Root.swift in Sources */ = {isa = PBXBuildFile; fileRef = AC5E8BD52026810D00C9ACA9 /* UIApplication+Root.swift */; };
		AC5E8BD8202681CE00C9ACA9 /* LocatorButtonTests.swift in Sources */ = {isa = PBXBuildFile; fileRef = AC5E8BD7202681CE00C9ACA9 /* LocatorButtonTests.swift */; };
		AC5E8BDA2026965500C9ACA9 /* LocatorViewController.swift in Sources */ = {isa = PBXBuildFile; fileRef = AC5E8BD92026965500C9ACA9 /* LocatorViewController.swift */; };
		AC5E8BDC20269C1F00C9ACA9 /* PulseLayer.swift in Sources */ = {isa = PBXBuildFile; fileRef = AC5E8BDB20269C1F00C9ACA9 /* PulseLayer.swift */; };
		AC5E8BDE2026BE8300C9ACA9 /* InteractionResponder.swift in Sources */ = {isa = PBXBuildFile; fileRef = AC5E8BDD2026BE8300C9ACA9 /* InteractionResponder.swift */; };
		AC5E8BE02026C65300C9ACA9 /* GeolocationManager.swift in Sources */ = {isa = PBXBuildFile; fileRef = AC5E8BDF2026C65300C9ACA9 /* GeolocationManager.swift */; };
		AC5E8BE22026D6BD00C9ACA9 /* GeolocationManagerDelegate.swift in Sources */ = {isa = PBXBuildFile; fileRef = AC5E8BE12026D6BD00C9ACA9 /* GeolocationManagerDelegate.swift */; };
		AC5E8BE42026E46600C9ACA9 /* GeolocationManagerTests.swift in Sources */ = {isa = PBXBuildFile; fileRef = AC5E8BE32026E46600C9ACA9 /* GeolocationManagerTests.swift */; };
		AC5E8BE72027BBCD00C9ACA9 /* NetworkClient.swift in Sources */ = {isa = PBXBuildFile; fileRef = AC5E8BE62027BBCD00C9ACA9 /* NetworkClient.swift */; };
		ACA70E212029612700489D37 /* FlickrProvider.swift in Sources */ = {isa = PBXBuildFile; fileRef = ACA70E202029612700489D37 /* FlickrProvider.swift */; };
		ACA70E242029666B00489D37 /* FlickrPhoto.swift in Sources */ = {isa = PBXBuildFile; fileRef = ACA70E232029666B00489D37 /* FlickrPhoto.swift */; };
		ACA70E26202A86AB00489D37 /* NetworkClient+Flickr.swift in Sources */ = {isa = PBXBuildFile; fileRef = ACA70E25202A86AB00489D37 /* NetworkClient+Flickr.swift */; };
		ACA70E28202A8A1900489D37 /* FlickrEndpoint.swift in Sources */ = {isa = PBXBuildFile; fileRef = ACA70E27202A8A1900489D37 /* FlickrEndpoint.swift */; };
		ACA70E2A202CC82400489D37 /* FlickrConstants.swift in Sources */ = {isa = PBXBuildFile; fileRef = ACA70E29202CC82400489D37 /* FlickrConstants.swift */; };
		ACA70E2E202D4A9A00489D37 /* FlickrPhotoTests.swift in Sources */ = {isa = PBXBuildFile; fileRef = ACA70E2D202D4A9A00489D37 /* FlickrPhotoTests.swift */; };
		ACA70E30202D4FF500489D37 /* MockClient.swift in Sources */ = {isa = PBXBuildFile; fileRef = ACA70E2F202D4FF500489D37 /* MockClient.swift */; };
		ACA70E32202D50AB00489D37 /* MockClient+Flickr.swift in Sources */ = {isa = PBXBuildFile; fileRef = ACA70E31202D50AB00489D37 /* MockClient+Flickr.swift */; };
		ACA70E37202E15A200489D37 /* CarouselCollectionViewDelegate.swift in Sources */ = {isa = PBXBuildFile; fileRef = ACA70E36202E15A200489D37 /* CarouselCollectionViewDelegate.swift */; };
		ACA70E39202E69F800489D37 /* CarouselCollectionViewCell.swift in Sources */ = {isa = PBXBuildFile; fileRef = ACA70E38202E69F800489D37 /* CarouselCollectionViewCell.swift */; };
		ACA70E3B202E6B8300489D37 /* UICollectionView+Convenience.swift in Sources */ = {isa = PBXBuildFile; fileRef = ACA70E3A202E6B8300489D37 /* UICollectionView+Convenience.swift */; };
		ACA70E3D202F3A8500489D37 /* LocatorViewModel.swift in Sources */ = {isa = PBXBuildFile; fileRef = ACA70E3C202F3A8500489D37 /* LocatorViewModel.swift */; };
		ACA70E3F202F4C4200489D37 /* CarouselFlowLayout.swift in Sources */ = {isa = PBXBuildFile; fileRef = ACA70E3E202F4C4200489D37 /* CarouselFlowLayout.swift */; };
		ACA70E42202FD73000489D37 /* FullScreenImageViewController.swift in Sources */ = {isa = PBXBuildFile; fileRef = ACA70E41202FD73000489D37 /* FullScreenImageViewController.swift */; };
		ACA70E46202FFC8C00489D37 /* UIViewController+Alert.swift in Sources */ = {isa = PBXBuildFile; fileRef = ACA70E45202FFC8C00489D37 /* UIViewController+Alert.swift */; };
/* End PBXBuildFile section */

/* Begin PBXContainerItemProxy section */
		AC5E8BB920264D1900C9ACA9 /* PBXContainerItemProxy */ = {
			isa = PBXContainerItemProxy;
			containerPortal = AC5E8B9C20264D1900C9ACA9 /* Project object */;
			proxyType = 1;
			remoteGlobalIDString = AC5E8BA320264D1900C9ACA9;
			remoteInfo = CodeSample;
		};
/* End PBXContainerItemProxy section */

/* Begin PBXFileReference section */
		2098EB6FAAC81D14BA7DFFA1 /* Pods-CodeSampleTests.release.xcconfig */ = {isa = PBXFileReference; includeInIndex = 1; lastKnownFileType = text.xcconfig; name = "Pods-CodeSampleTests.release.xcconfig"; path = "Pods/Target Support Files/Pods-CodeSampleTests/Pods-CodeSampleTests.release.xcconfig"; sourceTree = "<group>"; };
		6A4608964CDC17CCB592A6E1 /* Pods-CodeSample.release.xcconfig */ = {isa = PBXFileReference; includeInIndex = 1; lastKnownFileType = text.xcconfig; name = "Pods-CodeSample.release.xcconfig"; path = "Pods/Target Support Files/Pods-CodeSample/Pods-CodeSample.release.xcconfig"; sourceTree = "<group>"; };
		6C9FBA1123F9CE69005A9C7B /* Configuration.swift */ = {isa = PBXFileReference; lastKnownFileType = sourcecode.swift; path = Configuration.swift; sourceTree = "<group>"; };
		6C9FBA1323F9E718005A9C7B /* Config.sample.xcconfig */ = {isa = PBXFileReference; lastKnownFileType = text.xcconfig; path = Config.sample.xcconfig; sourceTree = "<group>"; };
		A275780D0389373F204C08F9 /* Pods-CodeSampleTests.debug.xcconfig */ = {isa = PBXFileReference; includeInIndex = 1; lastKnownFileType = text.xcconfig; name = "Pods-CodeSampleTests.debug.xcconfig"; path = "Pods/Target Support Files/Pods-CodeSampleTests/Pods-CodeSampleTests.debug.xcconfig"; sourceTree = "<group>"; };
		AC1B153B20294E23007924F8 /* Endpoint.swift */ = {isa = PBXFileReference; lastKnownFileType = sourcecode.swift; path = Endpoint.swift; sourceTree = "<group>"; };
		AC5E8BA420264D1900C9ACA9 /* CodeSample.app */ = {isa = PBXFileReference; explicitFileType = wrapper.application; includeInIndex = 0; path = CodeSample.app; sourceTree = BUILT_PRODUCTS_DIR; };
		AC5E8BA720264D1900C9ACA9 /* AppDelegate.swift */ = {isa = PBXFileReference; lastKnownFileType = sourcecode.swift; path = AppDelegate.swift; sourceTree = "<group>"; };
		AC5E8BAE20264D1900C9ACA9 /* Assets.xcassets */ = {isa = PBXFileReference; lastKnownFileType = folder.assetcatalog; path = Assets.xcassets; sourceTree = "<group>"; };
		AC5E8BB120264D1900C9ACA9 /* Base */ = {isa = PBXFileReference; lastKnownFileType = file.storyboard; name = Base; path = Base.lproj/LaunchScreen.storyboard; sourceTree = "<group>"; };
		AC5E8BB320264D1900C9ACA9 /* Info.plist */ = {isa = PBXFileReference; lastKnownFileType = text.plist.xml; path = Info.plist; sourceTree = "<group>"; };
		AC5E8BB820264D1900C9ACA9 /* CodeSampleTests.xctest */ = {isa = PBXFileReference; explicitFileType = wrapper.cfbundle; includeInIndex = 0; path = CodeSampleTests.xctest; sourceTree = BUILT_PRODUCTS_DIR; };
		AC5E8BBE20264D1900C9ACA9 /* Info.plist */ = {isa = PBXFileReference; lastKnownFileType = text.plist.xml; path = Info.plist; sourceTree = "<group>"; };
		AC5E8BCC2026713100C9ACA9 /* LocatorButton.swift */ = {isa = PBXFileReference; lastKnownFileType = sourcecode.swift; path = LocatorButton.swift; sourceTree = "<group>"; };
		AC5E8BCF2026737D00C9ACA9 /* ViewBuilder.swift */ = {isa = PBXFileReference; lastKnownFileType = sourcecode.swift; path = ViewBuilder.swift; sourceTree = "<group>"; };
		AC5E8BD220267D4E00C9ACA9 /* UIView+Convenience.swift */ = {isa = PBXFileReference; lastKnownFileType = sourcecode.swift; path = "UIView+Convenience.swift"; sourceTree = "<group>"; };
		AC5E8BD52026810D00C9ACA9 /* UIApplication+Root.swift */ = {isa = PBXFileReference; lastKnownFileType = sourcecode.swift; path = "UIApplication+Root.swift"; sourceTree = "<group>"; };
		AC5E8BD7202681CE00C9ACA9 /* LocatorButtonTests.swift */ = {isa = PBXFileReference; lastKnownFileType = sourcecode.swift; path = LocatorButtonTests.swift; sourceTree = "<group>"; };
		AC5E8BD92026965500C9ACA9 /* LocatorViewController.swift */ = {isa = PBXFileReference; lastKnownFileType = sourcecode.swift; path = LocatorViewController.swift; sourceTree = "<group>"; };
		AC5E8BDB20269C1F00C9ACA9 /* PulseLayer.swift */ = {isa = PBXFileReference; lastKnownFileType = sourcecode.swift; path = PulseLayer.swift; sourceTree = "<group>"; };
		AC5E8BDD2026BE8300C9ACA9 /* InteractionResponder.swift */ = {isa = PBXFileReference; lastKnownFileType = sourcecode.swift; path = InteractionResponder.swift; sourceTree = "<group>"; };
		AC5E8BDF2026C65300C9ACA9 /* GeolocationManager.swift */ = {isa = PBXFileReference; lastKnownFileType = sourcecode.swift; path = GeolocationManager.swift; sourceTree = "<group>"; };
		AC5E8BE12026D6BD00C9ACA9 /* GeolocationManagerDelegate.swift */ = {isa = PBXFileReference; lastKnownFileType = sourcecode.swift; path = GeolocationManagerDelegate.swift; sourceTree = "<group>"; };
		AC5E8BE32026E46600C9ACA9 /* GeolocationManagerTests.swift */ = {isa = PBXFileReference; lastKnownFileType = sourcecode.swift; path = GeolocationManagerTests.swift; sourceTree = "<group>"; };
		AC5E8BE62027BBCD00C9ACA9 /* NetworkClient.swift */ = {isa = PBXFileReference; lastKnownFileType = sourcecode.swift; path = NetworkClient.swift; sourceTree = "<group>"; };
		ACA70E202029612700489D37 /* FlickrProvider.swift */ = {isa = PBXFileReference; lastKnownFileType = sourcecode.swift; path = FlickrProvider.swift; sourceTree = "<group>"; };
		ACA70E232029666B00489D37 /* FlickrPhoto.swift */ = {isa = PBXFileReference; lastKnownFileType = sourcecode.swift; path = FlickrPhoto.swift; sourceTree = "<group>"; };
		ACA70E25202A86AB00489D37 /* NetworkClient+Flickr.swift */ = {isa = PBXFileReference; lastKnownFileType = sourcecode.swift; path = "NetworkClient+Flickr.swift"; sourceTree = "<group>"; };
		ACA70E27202A8A1900489D37 /* FlickrEndpoint.swift */ = {isa = PBXFileReference; lastKnownFileType = sourcecode.swift; path = FlickrEndpoint.swift; sourceTree = "<group>"; };
		ACA70E29202CC82400489D37 /* FlickrConstants.swift */ = {isa = PBXFileReference; lastKnownFileType = sourcecode.swift; path = FlickrConstants.swift; sourceTree = "<group>"; };
		ACA70E2D202D4A9A00489D37 /* FlickrPhotoTests.swift */ = {isa = PBXFileReference; lastKnownFileType = sourcecode.swift; path = FlickrPhotoTests.swift; sourceTree = "<group>"; };
		ACA70E2F202D4FF500489D37 /* MockClient.swift */ = {isa = PBXFileReference; lastKnownFileType = sourcecode.swift; path = MockClient.swift; sourceTree = "<group>"; };
		ACA70E31202D50AB00489D37 /* MockClient+Flickr.swift */ = {isa = PBXFileReference; lastKnownFileType = sourcecode.swift; path = "MockClient+Flickr.swift"; sourceTree = "<group>"; };
		ACA70E36202E15A200489D37 /* CarouselCollectionViewDelegate.swift */ = {isa = PBXFileReference; lastKnownFileType = sourcecode.swift; path = CarouselCollectionViewDelegate.swift; sourceTree = "<group>"; };
		ACA70E38202E69F800489D37 /* CarouselCollectionViewCell.swift */ = {isa = PBXFileReference; lastKnownFileType = sourcecode.swift; path = CarouselCollectionViewCell.swift; sourceTree = "<group>"; };
		ACA70E3A202E6B8300489D37 /* UICollectionView+Convenience.swift */ = {isa = PBXFileReference; lastKnownFileType = sourcecode.swift; path = "UICollectionView+Convenience.swift"; sourceTree = "<group>"; };
		ACA70E3C202F3A8500489D37 /* LocatorViewModel.swift */ = {isa = PBXFileReference; lastKnownFileType = sourcecode.swift; path = LocatorViewModel.swift; sourceTree = "<group>"; };
		ACA70E3E202F4C4200489D37 /* CarouselFlowLayout.swift */ = {isa = PBXFileReference; lastKnownFileType = sourcecode.swift; path = CarouselFlowLayout.swift; sourceTree = "<group>"; };
		ACA70E41202FD73000489D37 /* FullScreenImageViewController.swift */ = {isa = PBXFileReference; lastKnownFileType = sourcecode.swift; path = FullScreenImageViewController.swift; sourceTree = "<group>"; };
		ACA70E45202FFC8C00489D37 /* UIViewController+Alert.swift */ = {isa = PBXFileReference; lastKnownFileType = sourcecode.swift; path = "UIViewController+Alert.swift"; sourceTree = "<group>"; };
		ED036D4124216561D014A934 /* Pods_CodeSample.framework */ = {isa = PBXFileReference; explicitFileType = wrapper.framework; includeInIndex = 0; path = Pods_CodeSample.framework; sourceTree = BUILT_PRODUCTS_DIR; };
		FDCB76BC08E8EDA036AF1545 /* Pods_CodeSampleTests.framework */ = {isa = PBXFileReference; explicitFileType = wrapper.framework; includeInIndex = 0; path = Pods_CodeSampleTests.framework; sourceTree = BUILT_PRODUCTS_DIR; };
		FE97FC0A729C1565C2FF9BDE /* Pods-CodeSample.debug.xcconfig */ = {isa = PBXFileReference; includeInIndex = 1; lastKnownFileType = text.xcconfig; name = "Pods-CodeSample.debug.xcconfig"; path = "Pods/Target Support Files/Pods-CodeSample/Pods-CodeSample.debug.xcconfig"; sourceTree = "<group>"; };
/* End PBXFileReference section */

/* Begin PBXFrameworksBuildPhase section */
		AC5E8BA120264D1900C9ACA9 /* Frameworks */ = {
			isa = PBXFrameworksBuildPhase;
			buildActionMask = 2147483647;
			files = (
				5B281C49F180393BFA82D6B4 /* Pods_CodeSample.framework in Frameworks */,
			);
			runOnlyForDeploymentPostprocessing = 0;
		};
		AC5E8BB520264D1900C9ACA9 /* Frameworks */ = {
			isa = PBXFrameworksBuildPhase;
			buildActionMask = 2147483647;
			files = (
				9C95EE278BD940D2613E9FD2 /* Pods_CodeSampleTests.framework in Frameworks */,
			);
			runOnlyForDeploymentPostprocessing = 0;
		};
/* End PBXFrameworksBuildPhase section */

/* Begin PBXGroup section */
		8DECC1197361E185AACBB1DD /* Frameworks */ = {
			isa = PBXGroup;
			children = (
				ED036D4124216561D014A934 /* Pods_CodeSample.framework */,
				FDCB76BC08E8EDA036AF1545 /* Pods_CodeSampleTests.framework */,
			);
			name = Frameworks;
			sourceTree = "<group>";
		};
		94E7B230BDA80ADA765EFE6D /* Pods */ = {
			isa = PBXGroup;
			children = (
				FE97FC0A729C1565C2FF9BDE /* Pods-CodeSample.debug.xcconfig */,
				6A4608964CDC17CCB592A6E1 /* Pods-CodeSample.release.xcconfig */,
				A275780D0389373F204C08F9 /* Pods-CodeSampleTests.debug.xcconfig */,
				2098EB6FAAC81D14BA7DFFA1 /* Pods-CodeSampleTests.release.xcconfig */,
			);
			name = Pods;
			sourceTree = "<group>";
		};
		AC1B153A20294CD8007924F8 /* Services */ = {
			isa = PBXGroup;
			children = (
				AC1B153B20294E23007924F8 /* Endpoint.swift */,
				ACA70E29202CC82400489D37 /* FlickrConstants.swift */,
				ACA70E27202A8A1900489D37 /* FlickrEndpoint.swift */,
				ACA70E202029612700489D37 /* FlickrProvider.swift */,
				ACA70E2F202D4FF500489D37 /* MockClient.swift */,
				ACA70E31202D50AB00489D37 /* MockClient+Flickr.swift */,
				AC5E8BE62027BBCD00C9ACA9 /* NetworkClient.swift */,
				ACA70E25202A86AB00489D37 /* NetworkClient+Flickr.swift */,
			);
			path = Services;
			sourceTree = "<group>";
		};
		AC5E8B9B20264D1900C9ACA9 = {
			isa = PBXGroup;
			children = (
				AC5E8BA620264D1900C9ACA9 /* CodeSample */,
				AC5E8BBB20264D1900C9ACA9 /* CodeSampleTests */,
				AC5E8BA520264D1900C9ACA9 /* Products */,
				94E7B230BDA80ADA765EFE6D /* Pods */,
				8DECC1197361E185AACBB1DD /* Frameworks */,
			);
			sourceTree = "<group>";
		};
		AC5E8BA520264D1900C9ACA9 /* Products */ = {
			isa = PBXGroup;
			children = (
				AC5E8BA420264D1900C9ACA9 /* CodeSample.app */,
				AC5E8BB820264D1900C9ACA9 /* CodeSampleTests.xctest */,
			);
			name = Products;
			sourceTree = "<group>";
		};
		AC5E8BA620264D1900C9ACA9 /* CodeSample */ = {
			isa = PBXGroup;
			children = (
				ACA70E33202E143B00489D37 /* Carousel */,
				AC5E8BE52027976E00C9ACA9 /* Data */,
				ACA70E40202FD6B800489D37 /* FullScreenImageView */,
				AC5E8BCB2026711100C9ACA9 /* Locator */,
				AC5E8BCE2026735C00C9ACA9 /* Shared */,
				AC5E8BA720264D1900C9ACA9 /* AppDelegate.swift */,
				6C9FBA1123F9CE69005A9C7B /* Configuration.swift */,
				AC5E8BAE20264D1900C9ACA9 /* Assets.xcassets */,
				AC5E8BB020264D1900C9ACA9 /* LaunchScreen.storyboard */,
				AC5E8BB320264D1900C9ACA9 /* Info.plist */,
				6C9FBA1323F9E718005A9C7B /* Config.sample.xcconfig */,
			);
			path = CodeSample;
			sourceTree = "<group>";
		};
		AC5E8BBB20264D1900C9ACA9 /* CodeSampleTests */ = {
			isa = PBXGroup;
			children = (
				AC5E8BBE20264D1900C9ACA9 /* Info.plist */,
				AC5E8BD7202681CE00C9ACA9 /* LocatorButtonTests.swift */,
				AC5E8BE32026E46600C9ACA9 /* GeolocationManagerTests.swift */,
				ACA70E2D202D4A9A00489D37 /* FlickrPhotoTests.swift */,
			);
			path = CodeSampleTests;
			sourceTree = "<group>";
		};
		AC5E8BCB2026711100C9ACA9 /* Locator */ = {
			isa = PBXGroup;
			children = (
				AC5E8BDF2026C65300C9ACA9 /* GeolocationManager.swift */,
				AC5E8BCC2026713100C9ACA9 /* LocatorButton.swift */,
				AC5E8BD92026965500C9ACA9 /* LocatorViewController.swift */,
				ACA70E3C202F3A8500489D37 /* LocatorViewModel.swift */,
				AC5E8BDB20269C1F00C9ACA9 /* PulseLayer.swift */,
			);
			path = Locator;
			sourceTree = "<group>";
		};
		AC5E8BCE2026735C00C9ACA9 /* Shared */ = {
			isa = PBXGroup;
			children = (
				AC5E8BD42026806B00C9ACA9 /* Protocols */,
				AC5E8BD120267D3200C9ACA9 /* Extensions */,
			);
			path = Shared;
			sourceTree = "<group>";
		};
		AC5E8BD120267D3200C9ACA9 /* Extensions */ = {
			isa = PBXGroup;
			children = (
				AC5E8BD52026810D00C9ACA9 /* UIApplication+Root.swift */,
				ACA70E3A202E6B8300489D37 /* UICollectionView+Convenience.swift */,
				AC5E8BD220267D4E00C9ACA9 /* UIView+Convenience.swift */,
				ACA70E45202FFC8C00489D37 /* UIViewController+Alert.swift */,
			);
			path = Extensions;
			sourceTree = "<group>";
		};
		AC5E8BD42026806B00C9ACA9 /* Protocols */ = {
			isa = PBXGroup;
			children = (
				AC5E8BCF2026737D00C9ACA9 /* ViewBuilder.swift */,
				AC5E8BDD2026BE8300C9ACA9 /* InteractionResponder.swift */,
				AC5E8BE12026D6BD00C9ACA9 /* GeolocationManagerDelegate.swift */,
			);
			path = Protocols;
			sourceTree = "<group>";
		};
		AC5E8BE52027976E00C9ACA9 /* Data */ = {
			isa = PBXGroup;
			children = (
				ACA70E22202964BC00489D37 /* Models */,
				AC1B153A20294CD8007924F8 /* Services */,
			);
			path = Data;
			sourceTree = "<group>";
		};
		ACA70E22202964BC00489D37 /* Models */ = {
			isa = PBXGroup;
			children = (
				ACA70E232029666B00489D37 /* FlickrPhoto.swift */,
			);
			path = Models;
			sourceTree = "<group>";
		};
		ACA70E33202E143B00489D37 /* Carousel */ = {
			isa = PBXGroup;
			children = (
				ACA70E38202E69F800489D37 /* CarouselCollectionViewCell.swift */,
				ACA70E36202E15A200489D37 /* CarouselCollectionViewDelegate.swift */,
				ACA70E3E202F4C4200489D37 /* CarouselFlowLayout.swift */,
			);
			path = Carousel;
			sourceTree = "<group>";
		};
		ACA70E40202FD6B800489D37 /* FullScreenImageView */ = {
			isa = PBXGroup;
			children = (
				ACA70E41202FD73000489D37 /* FullScreenImageViewController.swift */,
			);
			path = FullScreenImageView;
			sourceTree = "<group>";
		};
/* End PBXGroup section */

/* Begin PBXNativeTarget section */
		AC5E8BA320264D1900C9ACA9 /* CodeSample */ = {
			isa = PBXNativeTarget;
			buildConfigurationList = AC5E8BC120264D1900C9ACA9 /* Build configuration list for PBXNativeTarget "CodeSample" */;
			buildPhases = (
				78B3EA484C7758355B62A5F3 /* [CP] Check Pods Manifest.lock */,
				AC5E8BA020264D1900C9ACA9 /* Sources */,
				AC5E8BA120264D1900C9ACA9 /* Frameworks */,
				AC5E8BA220264D1900C9ACA9 /* Resources */,
				D09218EFB677017CD437F6ED /* [CP] Embed Pods Frameworks */,
			);
			buildRules = (
			);
			dependencies = (
			);
			name = CodeSample;
			productName = CodeSample;
			productReference = AC5E8BA420264D1900C9ACA9 /* CodeSample.app */;
			productType = "com.apple.product-type.application";
		};
		AC5E8BB720264D1900C9ACA9 /* CodeSampleTests */ = {
			isa = PBXNativeTarget;
			buildConfigurationList = AC5E8BC420264D1900C9ACA9 /* Build configuration list for PBXNativeTarget "CodeSampleTests" */;
			buildPhases = (
				9F8F0DFE701DC33AF6D28473 /* [CP] Check Pods Manifest.lock */,
				AC5E8BB420264D1900C9ACA9 /* Sources */,
				AC5E8BB520264D1900C9ACA9 /* Frameworks */,
				AC5E8BB620264D1900C9ACA9 /* Resources */,
				F6BC5217F7C1BAC8E7FEEB0E /* [CP] Embed Pods Frameworks */,
			);
			buildRules = (
			);
			dependencies = (
				AC5E8BBA20264D1900C9ACA9 /* PBXTargetDependency */,
			);
			name = CodeSampleTests;
			productName = CodeSampleTests;
			productReference = AC5E8BB820264D1900C9ACA9 /* CodeSampleTests.xctest */;
			productType = "com.apple.product-type.bundle.unit-test";
		};
/* End PBXNativeTarget section */

/* Begin PBXProject section */
		AC5E8B9C20264D1900C9ACA9 /* Project object */ = {
			isa = PBXProject;
			attributes = {
				LastSwiftUpdateCheck = 0920;
				LastUpgradeCheck = 1220;
				ORGANIZATIONNAME = "AJ Fragoso";
				TargetAttributes = {
					AC5E8BA320264D1900C9ACA9 = {
						CreatedOnToolsVersion = 9.2;
						LastSwiftMigration = 1130;
						ProvisioningStyle = Automatic;
					};
					AC5E8BB720264D1900C9ACA9 = {
						CreatedOnToolsVersion = 9.2;
						LastSwiftMigration = 1130;
						ProvisioningStyle = Automatic;
						TestTargetID = AC5E8BA320264D1900C9ACA9;
					};
				};
			};
			buildConfigurationList = AC5E8B9F20264D1900C9ACA9 /* Build configuration list for PBXProject "CodeSample" */;
			compatibilityVersion = "Xcode 8.0";
			developmentRegion = en;
			hasScannedForEncodings = 0;
			knownRegions = (
				en,
				Base,
			);
			mainGroup = AC5E8B9B20264D1900C9ACA9;
			productRefGroup = AC5E8BA520264D1900C9ACA9 /* Products */;
			projectDirPath = "";
			projectRoot = "";
			targets = (
				AC5E8BA320264D1900C9ACA9 /* CodeSample */,
				AC5E8BB720264D1900C9ACA9 /* CodeSampleTests */,
			);
		};
/* End PBXProject section */

/* Begin PBXResourcesBuildPhase section */
		AC5E8BA220264D1900C9ACA9 /* Resources */ = {
			isa = PBXResourcesBuildPhase;
			buildActionMask = 2147483647;
			files = (
				AC5E8BB220264D1900C9ACA9 /* LaunchScreen.storyboard in Resources */,
				AC5E8BAF20264D1900C9ACA9 /* Assets.xcassets in Resources */,
			);
			runOnlyForDeploymentPostprocessing = 0;
		};
		AC5E8BB620264D1900C9ACA9 /* Resources */ = {
			isa = PBXResourcesBuildPhase;
			buildActionMask = 2147483647;
			files = (
			);
			runOnlyForDeploymentPostprocessing = 0;
		};
/* End PBXResourcesBuildPhase section */

/* Begin PBXShellScriptBuildPhase section */
		78B3EA484C7758355B62A5F3 /* [CP] Check Pods Manifest.lock */ = {
			isa = PBXShellScriptBuildPhase;
			buildActionMask = 2147483647;
			files = (
			);
			inputPaths = (
				"${PODS_PODFILE_DIR_PATH}/Podfile.lock",
				"${PODS_ROOT}/Manifest.lock",
			);
			name = "[CP] Check Pods Manifest.lock";
			outputPaths = (
				"$(DERIVED_FILE_DIR)/Pods-CodeSample-checkManifestLockResult.txt",
			);
			runOnlyForDeploymentPostprocessing = 0;
			shellPath = /bin/sh;
			shellScript = "diff \"${PODS_PODFILE_DIR_PATH}/Podfile.lock\" \"${PODS_ROOT}/Manifest.lock\" > /dev/null\nif [ $? != 0 ] ; then\n    # print error to STDERR\n    echo \"error: The sandbox is not in sync with the Podfile.lock. Run 'pod install' or update your CocoaPods installation.\" >&2\n    exit 1\nfi\n# This output is used by Xcode 'outputs' to avoid re-running this script phase.\necho \"SUCCESS\" > \"${SCRIPT_OUTPUT_FILE_0}\"\n";
			showEnvVarsInLog = 0;
		};
		9F8F0DFE701DC33AF6D28473 /* [CP] Check Pods Manifest.lock */ = {
			isa = PBXShellScriptBuildPhase;
			buildActionMask = 2147483647;
			files = (
			);
			inputPaths = (
				"${PODS_PODFILE_DIR_PATH}/Podfile.lock",
				"${PODS_ROOT}/Manifest.lock",
			);
			name = "[CP] Check Pods Manifest.lock";
			outputPaths = (
				"$(DERIVED_FILE_DIR)/Pods-CodeSampleTests-checkManifestLockResult.txt",
			);
			runOnlyForDeploymentPostprocessing = 0;
			shellPath = /bin/sh;
			shellScript = "diff \"${PODS_PODFILE_DIR_PATH}/Podfile.lock\" \"${PODS_ROOT}/Manifest.lock\" > /dev/null\nif [ $? != 0 ] ; then\n    # print error to STDERR\n    echo \"error: The sandbox is not in sync with the Podfile.lock. Run 'pod install' or update your CocoaPods installation.\" >&2\n    exit 1\nfi\n# This output is used by Xcode 'outputs' to avoid re-running this script phase.\necho \"SUCCESS\" > \"${SCRIPT_OUTPUT_FILE_0}\"\n";
			showEnvVarsInLog = 0;
		};
		D09218EFB677017CD437F6ED /* [CP] Embed Pods Frameworks */ = {
			isa = PBXShellScriptBuildPhase;
			buildActionMask = 2147483647;
			files = (
			);
			inputPaths = (
				"${PODS_ROOT}/Target Support Files/Pods-CodeSample/Pods-CodeSample-frameworks.sh",
				"${BUILT_PRODUCTS_DIR}/Alamofire/Alamofire.framework",
				"${BUILT_PRODUCTS_DIR}/AlamofireImage/AlamofireImage.framework",
				"${BUILT_PRODUCTS_DIR}/SnapKit/SnapKit.framework",
			);
			name = "[CP] Embed Pods Frameworks";
			outputPaths = (
				"${TARGET_BUILD_DIR}/${FRAMEWORKS_FOLDER_PATH}/Alamofire.framework",
				"${TARGET_BUILD_DIR}/${FRAMEWORKS_FOLDER_PATH}/AlamofireImage.framework",
				"${TARGET_BUILD_DIR}/${FRAMEWORKS_FOLDER_PATH}/SnapKit.framework",
			);
			runOnlyForDeploymentPostprocessing = 0;
			shellPath = /bin/sh;
			shellScript = "\"${PODS_ROOT}/Target Support Files/Pods-CodeSample/Pods-CodeSample-frameworks.sh\"\n";
			showEnvVarsInLog = 0;
		};
		F6BC5217F7C1BAC8E7FEEB0E /* [CP] Embed Pods Frameworks */ = {
			isa = PBXShellScriptBuildPhase;
			buildActionMask = 2147483647;
			files = (
			);
			inputPaths = (
				"${PODS_ROOT}/Target Support Files/Pods-CodeSampleTests/Pods-CodeSampleTests-frameworks.sh",
				"${BUILT_PRODUCTS_DIR}/Alamofire/Alamofire.framework",
				"${BUILT_PRODUCTS_DIR}/AlamofireImage/AlamofireImage.framework",
				"${BUILT_PRODUCTS_DIR}/SnapKit/SnapKit.framework",
			);
			name = "[CP] Embed Pods Frameworks";
			outputPaths = (
				"${TARGET_BUILD_DIR}/${FRAMEWORKS_FOLDER_PATH}/Alamofire.framework",
				"${TARGET_BUILD_DIR}/${FRAMEWORKS_FOLDER_PATH}/AlamofireImage.framework",
				"${TARGET_BUILD_DIR}/${FRAMEWORKS_FOLDER_PATH}/SnapKit.framework",
			);
			runOnlyForDeploymentPostprocessing = 0;
			shellPath = /bin/sh;
			shellScript = "\"${PODS_ROOT}/Target Support Files/Pods-CodeSampleTests/Pods-CodeSampleTests-frameworks.sh\"\n";
			showEnvVarsInLog = 0;
		};
/* End PBXShellScriptBuildPhase section */

/* Begin PBXSourcesBuildPhase section */
		AC5E8BA020264D1900C9ACA9 /* Sources */ = {
			isa = PBXSourcesBuildPhase;
			buildActionMask = 2147483647;
			files = (
				AC5E8BE22026D6BD00C9ACA9 /* GeolocationManagerDelegate.swift in Sources */,
				ACA70E32202D50AB00489D37 /* MockClient+Flickr.swift in Sources */,
				AC5E8BA820264D1900C9ACA9 /* AppDelegate.swift in Sources */,
				ACA70E2A202CC82400489D37 /* FlickrConstants.swift in Sources */,
				AC5E8BD62026810D00C9ACA9 /* UIApplication+Root.swift in Sources */,
				ACA70E3D202F3A8500489D37 /* LocatorViewModel.swift in Sources */,
				ACA70E37202E15A200489D37 /* CarouselCollectionViewDelegate.swift in Sources */,
				AC5E8BCD2026713100C9ACA9 /* LocatorButton.swift in Sources */,
				AC5E8BDC20269C1F00C9ACA9 /* PulseLayer.swift in Sources */,
				ACA70E30202D4FF500489D37 /* MockClient.swift in Sources */,
				AC5E8BDA2026965500C9ACA9 /* LocatorViewController.swift in Sources */,
				AC1B153C20294E23007924F8 /* Endpoint.swift in Sources */,
				AC5E8BD02026737D00C9ACA9 /* ViewBuilder.swift in Sources */,
				ACA70E26202A86AB00489D37 /* NetworkClient+Flickr.swift in Sources */,
				AC5E8BD320267D4E00C9ACA9 /* UIView+Convenience.swift in Sources */,
				ACA70E3B202E6B8300489D37 /* UICollectionView+Convenience.swift in Sources */,
				AC5E8BE72027BBCD00C9ACA9 /* NetworkClient.swift in Sources */,
				ACA70E42202FD73000489D37 /* FullScreenImageViewController.swift in Sources */,
				ACA70E28202A8A1900489D37 /* FlickrEndpoint.swift in Sources */,
				ACA70E39202E69F800489D37 /* CarouselCollectionViewCell.swift in Sources */,
				AC5E8BDE2026BE8300C9ACA9 /* InteractionResponder.swift in Sources */,
				6C9FBA1223F9CE69005A9C7B /* Configuration.swift in Sources */,
				ACA70E242029666B00489D37 /* FlickrPhoto.swift in Sources */,
				ACA70E212029612700489D37 /* FlickrProvider.swift in Sources */,
				ACA70E46202FFC8C00489D37 /* UIViewController+Alert.swift in Sources */,
				AC5E8BE02026C65300C9ACA9 /* GeolocationManager.swift in Sources */,
				ACA70E3F202F4C4200489D37 /* CarouselFlowLayout.swift in Sources */,
			);
			runOnlyForDeploymentPostprocessing = 0;
		};
		AC5E8BB420264D1900C9ACA9 /* Sources */ = {
			isa = PBXSourcesBuildPhase;
			buildActionMask = 2147483647;
			files = (
				ACA70E2E202D4A9A00489D37 /* FlickrPhotoTests.swift in Sources */,
				AC5E8BE42026E46600C9ACA9 /* GeolocationManagerTests.swift in Sources */,
				AC5E8BD8202681CE00C9ACA9 /* LocatorButtonTests.swift in Sources */,
			);
			runOnlyForDeploymentPostprocessing = 0;
		};
/* End PBXSourcesBuildPhase section */

/* Begin PBXTargetDependency section */
		AC5E8BBA20264D1900C9ACA9 /* PBXTargetDependency */ = {
			isa = PBXTargetDependency;
			target = AC5E8BA320264D1900C9ACA9 /* CodeSample */;
			targetProxy = AC5E8BB920264D1900C9ACA9 /* PBXContainerItemProxy */;
		};
/* End PBXTargetDependency section */

/* Begin PBXVariantGroup section */
		AC5E8BB020264D1900C9ACA9 /* LaunchScreen.storyboard */ = {
			isa = PBXVariantGroup;
			children = (
				AC5E8BB120264D1900C9ACA9 /* Base */,
			);
			name = LaunchScreen.storyboard;
			sourceTree = "<group>";
		};
/* End PBXVariantGroup section */

/* Begin XCBuildConfiguration section */
		AC5E8BBF20264D1900C9ACA9 /* Debug */ = {
			isa = XCBuildConfiguration;
			baseConfigurationReference = 6C9FBA1323F9E718005A9C7B /* Config.sample.xcconfig */;
			buildSettings = {
				ALWAYS_SEARCH_USER_PATHS = NO;
				CLANG_ANALYZER_NONNULL = YES;
				CLANG_ANALYZER_NUMBER_OBJECT_CONVERSION = YES_AGGRESSIVE;
				CLANG_CXX_LANGUAGE_STANDARD = "gnu++14";
				CLANG_CXX_LIBRARY = "libc++";
				CLANG_ENABLE_MODULES = YES;
				CLANG_ENABLE_OBJC_ARC = YES;
				CLANG_WARN_BLOCK_CAPTURE_AUTORELEASING = YES;
				CLANG_WARN_BOOL_CONVERSION = YES;
				CLANG_WARN_COMMA = YES;
				CLANG_WARN_CONSTANT_CONVERSION = YES;
				CLANG_WARN_DEPRECATED_OBJC_IMPLEMENTATIONS = YES;
				CLANG_WARN_DIRECT_OBJC_ISA_USAGE = YES_ERROR;
				CLANG_WARN_DOCUMENTATION_COMMENTS = YES;
				CLANG_WARN_EMPTY_BODY = YES;
				CLANG_WARN_ENUM_CONVERSION = YES;
				CLANG_WARN_INFINITE_RECURSION = YES;
				CLANG_WARN_INT_CONVERSION = YES;
				CLANG_WARN_NON_LITERAL_NULL_CONVERSION = YES;
				CLANG_WARN_OBJC_IMPLICIT_RETAIN_SELF = YES;
				CLANG_WARN_OBJC_LITERAL_CONVERSION = YES;
				CLANG_WARN_OBJC_ROOT_CLASS = YES_ERROR;
				CLANG_WARN_QUOTED_INCLUDE_IN_FRAMEWORK_HEADER = YES;
				CLANG_WARN_RANGE_LOOP_ANALYSIS = YES;
				CLANG_WARN_STRICT_PROTOTYPES = YES;
				CLANG_WARN_SUSPICIOUS_MOVE = YES;
				CLANG_WARN_UNGUARDED_AVAILABILITY = YES_AGGRESSIVE;
				CLANG_WARN_UNREACHABLE_CODE = YES;
				CLANG_WARN__DUPLICATE_METHOD_MATCH = YES;
				CODE_SIGN_IDENTITY = "iPhone Developer";
				COPY_PHASE_STRIP = NO;
				DEBUG_INFORMATION_FORMAT = dwarf;
				ENABLE_STRICT_OBJC_MSGSEND = YES;
				ENABLE_TESTABILITY = YES;
				GCC_C_LANGUAGE_STANDARD = gnu11;
				GCC_DYNAMIC_NO_PIC = NO;
				GCC_NO_COMMON_BLOCKS = YES;
				GCC_OPTIMIZATION_LEVEL = 0;
				GCC_PREPROCESSOR_DEFINITIONS = (
					"DEBUG=1",
					"$(inherited)",
				);
				GCC_WARN_64_TO_32_BIT_CONVERSION = YES;
				GCC_WARN_ABOUT_RETURN_TYPE = YES_ERROR;
				GCC_WARN_UNDECLARED_SELECTOR = YES;
				GCC_WARN_UNINITIALIZED_AUTOS = YES_AGGRESSIVE;
				GCC_WARN_UNUSED_FUNCTION = YES;
				GCC_WARN_UNUSED_VARIABLE = YES;
				IPHONEOS_DEPLOYMENT_TARGET = 12.0;
				MTL_ENABLE_DEBUG_INFO = YES;
				ONLY_ACTIVE_ARCH = YES;
				SDKROOT = iphoneos;
				SWIFT_ACTIVE_COMPILATION_CONDITIONS = DEBUG;
				SWIFT_OPTIMIZATION_LEVEL = "-Onone";
			};
			name = Debug;
		};
		AC5E8BC020264D1900C9ACA9 /* Release */ = {
			isa = XCBuildConfiguration;
			baseConfigurationReference = 6C9FBA1323F9E718005A9C7B /* Config.sample.xcconfig */;
			buildSettings = {
				ALWAYS_SEARCH_USER_PATHS = NO;
				CLANG_ANALYZER_NONNULL = YES;
				CLANG_ANALYZER_NUMBER_OBJECT_CONVERSION = YES_AGGRESSIVE;
				CLANG_CXX_LANGUAGE_STANDARD = "gnu++14";
				CLANG_CXX_LIBRARY = "libc++";
				CLANG_ENABLE_MODULES = YES;
				CLANG_ENABLE_OBJC_ARC = YES;
				CLANG_WARN_BLOCK_CAPTURE_AUTORELEASING = YES;
				CLANG_WARN_BOOL_CONVERSION = YES;
				CLANG_WARN_COMMA = YES;
				CLANG_WARN_CONSTANT_CONVERSION = YES;
				CLANG_WARN_DEPRECATED_OBJC_IMPLEMENTATIONS = YES;
				CLANG_WARN_DIRECT_OBJC_ISA_USAGE = YES_ERROR;
				CLANG_WARN_DOCUMENTATION_COMMENTS = YES;
				CLANG_WARN_EMPTY_BODY = YES;
				CLANG_WARN_ENUM_CONVERSION = YES;
				CLANG_WARN_INFINITE_RECURSION = YES;
				CLANG_WARN_INT_CONVERSION = YES;
				CLANG_WARN_NON_LITERAL_NULL_CONVERSION = YES;
				CLANG_WARN_OBJC_IMPLICIT_RETAIN_SELF = YES;
				CLANG_WARN_OBJC_LITERAL_CONVERSION = YES;
				CLANG_WARN_OBJC_ROOT_CLASS = YES_ERROR;
				CLANG_WARN_QUOTED_INCLUDE_IN_FRAMEWORK_HEADER = YES;
				CLANG_WARN_RANGE_LOOP_ANALYSIS = YES;
				CLANG_WARN_STRICT_PROTOTYPES = YES;
				CLANG_WARN_SUSPICIOUS_MOVE = YES;
				CLANG_WARN_UNGUARDED_AVAILABILITY = YES_AGGRESSIVE;
				CLANG_WARN_UNREACHABLE_CODE = YES;
				CLANG_WARN__DUPLICATE_METHOD_MATCH = YES;
				CODE_SIGN_IDENTITY = "iPhone Developer";
				COPY_PHASE_STRIP = NO;
				DEBUG_INFORMATION_FORMAT = "dwarf-with-dsym";
				ENABLE_NS_ASSERTIONS = NO;
				ENABLE_STRICT_OBJC_MSGSEND = YES;
				GCC_C_LANGUAGE_STANDARD = gnu11;
				GCC_NO_COMMON_BLOCKS = YES;
				GCC_WARN_64_TO_32_BIT_CONVERSION = YES;
				GCC_WARN_ABOUT_RETURN_TYPE = YES_ERROR;
				GCC_WARN_UNDECLARED_SELECTOR = YES;
				GCC_WARN_UNINITIALIZED_AUTOS = YES_AGGRESSIVE;
				GCC_WARN_UNUSED_FUNCTION = YES;
				GCC_WARN_UNUSED_VARIABLE = YES;
				IPHONEOS_DEPLOYMENT_TARGET = 12.0;
				MTL_ENABLE_DEBUG_INFO = NO;
				SDKROOT = iphoneos;
				SWIFT_OPTIMIZATION_LEVEL = "-Owholemodule";
				VALIDATE_PRODUCT = YES;
			};
			name = Release;
		};
		AC5E8BC220264D1900C9ACA9 /* Debug */ = {
			isa = XCBuildConfiguration;
			baseConfigurationReference = FE97FC0A729C1565C2FF9BDE /* Pods-CodeSample.debug.xcconfig */;
			buildSettings = {
				ASSETCATALOG_COMPILER_APPICON_NAME = AppIcon;
				CODE_SIGN_STYLE = Automatic;
				DEVELOPMENT_TEAM = "";
				INFOPLIST_FILE = CodeSample/Info.plist;
				LD_RUNPATH_SEARCH_PATHS = "$(inherited) @executable_path/Frameworks";
				PRODUCT_BUNDLE_IDENTIFIER = com.fragginaj.CodeSample;
				PRODUCT_NAME = "$(TARGET_NAME)";
				SWIFT_VERSION = 5.0;
				TARGETED_DEVICE_FAMILY = 1;
			};
			name = Debug;
		};
		AC5E8BC320264D1900C9ACA9 /* Release */ = {
			isa = XCBuildConfiguration;
			baseConfigurationReference = 6A4608964CDC17CCB592A6E1 /* Pods-CodeSample.release.xcconfig */;
			buildSettings = {
				ASSETCATALOG_COMPILER_APPICON_NAME = AppIcon;
				CODE_SIGN_STYLE = Automatic;
				DEVELOPMENT_TEAM = "";
				INFOPLIST_FILE = CodeSample/Info.plist;
				LD_RUNPATH_SEARCH_PATHS = "$(inherited) @executable_path/Frameworks";
				PRODUCT_BUNDLE_IDENTIFIER = com.fragginaj.CodeSample;
				PRODUCT_NAME = "$(TARGET_NAME)";
				SWIFT_VERSION = 5.0;
				TARGETED_DEVICE_FAMILY = 1;
			};
			name = Release;
		};
		AC5E8BC520264D1900C9ACA9 /* Debug */ = {
			isa = XCBuildConfiguration;
			baseConfigurationReference = A275780D0389373F204C08F9 /* Pods-CodeSampleTests.debug.xcconfig */;
			buildSettings = {
				ALWAYS_EMBED_SWIFT_STANDARD_LIBRARIES = YES;
				BUNDLE_LOADER = "$(TEST_HOST)";
				CODE_SIGN_STYLE = Automatic;
				DEVELOPMENT_TEAM = 6265Z7NP72;
				INFOPLIST_FILE = CodeSampleTests/Info.plist;
				LD_RUNPATH_SEARCH_PATHS = "$(inherited) @executable_path/Frameworks @loader_path/Frameworks";
				PRODUCT_BUNDLE_IDENTIFIER = com.fragginaj.CodeSampleTests;
				PRODUCT_NAME = "$(TARGET_NAME)";
				SWIFT_VERSION = 5.0;
				TARGETED_DEVICE_FAMILY = "1,2";
				TEST_HOST = "$(BUILT_PRODUCTS_DIR)/CodeSample.app/CodeSample";
			};
			name = Debug;
		};
		AC5E8BC620264D1900C9ACA9 /* Release */ = {
			isa = XCBuildConfiguration;
			baseConfigurationReference = 2098EB6FAAC81D14BA7DFFA1 /* Pods-CodeSampleTests.release.xcconfig */;
			buildSettings = {
				ALWAYS_EMBED_SWIFT_STANDARD_LIBRARIES = YES;
				BUNDLE_LOADER = "$(TEST_HOST)";
				CODE_SIGN_STYLE = Automatic;
				DEVELOPMENT_TEAM = 6265Z7NP72;
				INFOPLIST_FILE = CodeSampleTests/Info.plist;
				LD_RUNPATH_SEARCH_PATHS = "$(inherited) @executable_path/Frameworks @loader_path/Frameworks";
				PRODUCT_BUNDLE_IDENTIFIER = com.fragginaj.CodeSampleTests;
				PRODUCT_NAME = "$(TARGET_NAME)";
				SWIFT_VERSION = 5.0;
				TARGETED_DEVICE_FAMILY = "1,2";
				TEST_HOST = "$(BUILT_PRODUCTS_DIR)/CodeSample.app/CodeSample";
			};
			name = Release;
		};
/* End XCBuildConfiguration section */

/* Begin XCConfigurationList section */
		AC5E8B9F20264D1900C9ACA9 /* Build configuration list for PBXProject "CodeSample" */ = {
			isa = XCConfigurationList;
			buildConfigurations = (
				AC5E8BBF20264D1900C9ACA9 /* Debug */,
				AC5E8BC020264D1900C9ACA9 /* Release */,
			);
			defaultConfigurationIsVisible = 0;
			defaultConfigurationName = Release;
		};
		AC5E8BC120264D1900C9ACA9 /* Build configuration list for PBXNativeTarget "CodeSample" */ = {
			isa = XCConfigurationList;
			buildConfigurations = (
				AC5E8BC220264D1900C9ACA9 /* Debug */,
				AC5E8BC320264D1900C9ACA9 /* Release */,
			);
			defaultConfigurationIsVisible = 0;
			defaultConfigurationName = Release;
		};
		AC5E8BC420264D1900C9ACA9 /* Build configuration list for PBXNativeTarget "CodeSampleTests" */ = {
			isa = XCConfigurationList;
			buildConfigurations = (
				AC5E8BC520264D1900C9ACA9 /* Debug */,
				AC5E8BC620264D1900C9ACA9 /* Release */,
			);
			defaultConfigurationIsVisible = 0;
			defaultConfigurationName = Release;
		};
/* End XCConfigurationList section */
	};
	rootObject = AC5E8B9C20264D1900C9ACA9 /* Project object */;
}
